
Microsoft Visual Studio Solution File, Format Version 12.00
# Visual Studio Version 16
VisualStudioVersion = 16.0.31911.196
MinimumVisualStudioVersion = 10.0.40219.1
Project("{FAE04EC0-301F-11D3-BF4B-00C04F79EFBC}") = "task_9", "task_9\task_9.csproj", "{700396C3-CE18-4B62-8ACE-55EF005170E3}"
EndProject
Global
	GlobalSection(SolutionConfigurationPlatforms) = preSolution
		Debug|Any CPU = Debug|Any CPU
		Release|Any CPU = Release|Any CPU
	EndGlobalSection
	GlobalSection(ProjectConfigurationPlatforms) = postSolution
		{700396C3-CE18-4B62-8ACE-55EF005170E3}.Debug|Any CPU.ActiveCfg = Debug|Any CPU
		{700396C3-CE18-4B62-8ACE-55EF005170E3}.Debug|Any CPU.Build.0 = Debug|Any CPU
		{700396C3-CE18-4B62-8ACE-55EF005170E3}.Release|Any CPU.ActiveCfg = Release|Any CPU
		{700396C3-CE18-4B62-8ACE-55EF005170E3}.Release|Any CPU.Build.0 = Release|Any CPU
	EndGlobalSection
	GlobalSection(SolutionProperties) = preSolution
		HideSolutionNode = FALSE
	EndGlobalSection
	GlobalSection(ExtensibilityGlobals) = postSolution
		SolutionGuid = {2E66EBC2-33C8-49BE-92C0-4A4211B51C46}
	EndGlobalSection
EndGlobal
